// !$*UTF8*$!
{
	archiveVersion = 1;
	classes = {
	};
	objectVersion = 46;
	objects = {

/* Begin PBXBuildFile section */
		AE34B9151DF61999001D1E66 /* UIImageExtension.swift in Sources */ = {isa = PBXBuildFile; fileRef = AE34B9141DF61999001D1E66 /* UIImageExtension.swift */; };
		AE34B92D1DF72F0B001D1E66 /* Awards.jpg in Resources */ = {isa = PBXBuildFile; fileRef = AE34B9261DF72F0B001D1E66 /* Awards.jpg */; };
		AE34B92E1DF72F0B001D1E66 /* Education.jpg in Resources */ = {isa = PBXBuildFile; fileRef = AE34B9271DF72F0B001D1E66 /* Education.jpg */; };
		AE34B92F1DF72F0B001D1E66 /* Interests.jpg in Resources */ = {isa = PBXBuildFile; fileRef = AE34B9281DF72F0B001D1E66 /* Interests.jpg */; };
		AE34B9301DF72F0B001D1E66 /* Languages.jpg in Resources */ = {isa = PBXBuildFile; fileRef = AE34B9291DF72F0B001D1E66 /* Languages.jpg */; };
		AE34B9311DF72F0B001D1E66 /* PersonalInfo.jpg in Resources */ = {isa = PBXBuildFile; fileRef = AE34B92A1DF72F0B001D1E66 /* PersonalInfo.jpg */; };
		AE34B9321DF72F0B001D1E66 /* Publications.jpg in Resources */ = {isa = PBXBuildFile; fileRef = AE34B92B1DF72F0B001D1E66 /* Publications.jpg */; };
		AE34B9331DF72F0B001D1E66 /* TechnicalExperience.jpg in Resources */ = {isa = PBXBuildFile; fileRef = AE34B92C1DF72F0B001D1E66 /* TechnicalExperience.jpg */; };
		AE34B93F1DF73D9C001D1E66 /* tamu1.jpg in Resources */ = {isa = PBXBuildFile; fileRef = AE34B93D1DF73D9C001D1E66 /* tamu1.jpg */; };
		AE34B9411DF74135001D1E66 /* tamu2.jpg in Resources */ = {isa = PBXBuildFile; fileRef = AE34B9401DF74135001D1E66 /* tamu2.jpg */; };
		AE34B9441DF747C4001D1E66 /* interestsGolf.jpg in Resources */ = {isa = PBXBuildFile; fileRef = AE34B9421DF747C4001D1E66 /* interestsGolf.jpg */; };
		AE34B9451DF747C4001D1E66 /* interestsHiking.jpg in Resources */ = {isa = PBXBuildFile; fileRef = AE34B9431DF747C4001D1E66 /* interestsHiking.jpg */; };
		AE34B9481DF74837001D1E66 /* interestsBaseball.jpg in Resources */ = {isa = PBXBuildFile; fileRef = AE34B9461DF74837001D1E66 /* interestsBaseball.jpg */; };
		AE34B9491DF74837001D1E66 /* interestsFootball.jpg in Resources */ = {isa = PBXBuildFile; fileRef = AE34B9471DF74837001D1E66 /* interestsFootball.jpg */; };
		AE34B94B1DF7486D001D1E66 /* interestsSwimming.jpg in Resources */ = {isa = PBXBuildFile; fileRef = AE34B94A1DF7486D001D1E66 /* interestsSwimming.jpg */; };
		AE34B9571DF75BEA001D1E66 /* languagesC++.jpg in Resources */ = {isa = PBXBuildFile; fileRef = AE34B9501DF75BEA001D1E66 /* languagesC++.jpg */; };
		AE34B9581DF75BEA001D1E66 /* languagesFortran.jpg in Resources */ = {isa = PBXBuildFile; fileRef = AE34B9511DF75BEA001D1E66 /* languagesFortran.jpg */; };
		AE34B95A1DF75BEA001D1E66 /* languagesMatlab.jpg in Resources */ = {isa = PBXBuildFile; fileRef = AE34B9531DF75BEA001D1E66 /* languagesMatlab.jpg */; };
		AE34B95B1DF75BEA001D1E66 /* languagesPython.jpg in Resources */ = {isa = PBXBuildFile; fileRef = AE34B9541DF75BEA001D1E66 /* languagesPython.jpg */; };
		AE34B95D1DF75BEA001D1E66 /* languagesSwift.jpg in Resources */ = {isa = PBXBuildFile; fileRef = AE34B9561DF75BEA001D1E66 /* languagesSwift.jpg */; };
		AE34B95F1DF75D0A001D1E66 /* languagesLatex.jpg in Resources */ = {isa = PBXBuildFile; fileRef = AE34B95E1DF75D0A001D1E66 /* languagesLatex.jpg */; };
		AE34B9611DF75F08001D1E66 /* languagesR.jpg in Resources */ = {isa = PBXBuildFile; fileRef = AE34B9601DF75F08001D1E66 /* languagesR.jpg */; };
		AE34B9631DF76328001D1E66 /* sectionTableViewController.swift in Sources */ = {isa = PBXBuildFile; fileRef = AE34B9621DF76328001D1E66 /* sectionTableViewController.swift */; };
		AE34B9651DF763B4001D1E66 /* dataTableViewCell.swift in Sources */ = {isa = PBXBuildFile; fileRef = AE34B9641DF763B4001D1E66 /* dataTableViewCell.swift */; };
		AE34B9671DF76815001D1E66 /* Languages.txt in Resources */ = {isa = PBXBuildFile; fileRef = AE34B9661DF76815001D1E66 /* Languages.txt */; };
		AE34B9691DF76B3F001D1E66 /* Interests.txt in Resources */ = {isa = PBXBuildFile; fileRef = AE34B9681DF76B3F001D1E66 /* Interests.txt */; };
		AE34B96D1DF76C68001D1E66 /* Publications.txt in Resources */ = {isa = PBXBuildFile; fileRef = AE34B96C1DF76C68001D1E66 /* Publications.txt */; };
		AE34B96F1DF76CC4001D1E66 /* Awards.txt in Resources */ = {isa = PBXBuildFile; fileRef = AE34B96E1DF76CC4001D1E66 /* Awards.txt */; };
		AE34B9731DF77150001D1E66 /* publications0.jpg in Resources */ = {isa = PBXBuildFile; fileRef = AE34B9701DF77150001D1E66 /* publications0.jpg */; };
		AE34B9741DF77150001D1E66 /* publications1.jpg in Resources */ = {isa = PBXBuildFile; fileRef = AE34B9711DF77150001D1E66 /* publications1.jpg */; };
		AE34B9751DF77150001D1E66 /* publications2.jpg in Resources */ = {isa = PBXBuildFile; fileRef = AE34B9721DF77150001D1E66 /* publications2.jpg */; };
		AE34B9771DF7739C001D1E66 /* awards0.jpg in Resources */ = {isa = PBXBuildFile; fileRef = AE34B9761DF7739C001D1E66 /* awards0.jpg */; };
		AE34B97B1DF774BF001D1E66 /* awards1.jpg in Resources */ = {isa = PBXBuildFile; fileRef = AE34B9781DF774BF001D1E66 /* awards1.jpg */; };
		AE34B97C1DF774BF001D1E66 /* awards2.jpg in Resources */ = {isa = PBXBuildFile; fileRef = AE34B9791DF774BF001D1E66 /* awards2.jpg */; };
		AE34B97D1DF774BF001D1E66 /* awards3.jpg in Resources */ = {isa = PBXBuildFile; fileRef = AE34B97A1DF774BF001D1E66 /* awards3.jpg */; };
		AE34B97F1DF775FF001D1E66 /* TechnicalExperience.txt in Resources */ = {isa = PBXBuildFile; fileRef = AE34B97E1DF775FF001D1E66 /* TechnicalExperience.txt */; };
		AE36C2C81DF8D78A005BDF4E /* SafariServices.framework in Frameworks */ = {isa = PBXBuildFile; fileRef = AE36C2C71DF8D78A005BDF4E /* SafariServices.framework */; };
		AE36C2CA1DF8E2CF005BDF4E /* TechnicalExperienceDates.txt in Resources */ = {isa = PBXBuildFile; fileRef = AE36C2C91DF8E2CF005BDF4E /* TechnicalExperienceDates.txt */; };
		AE3DD86D1DF5EDD40016B7C6 /* file-document-7.png in Resources */ = {isa = PBXBuildFile; fileRef = AE3DCCDE1DF5EDCB0016B7C6 /* file-document-7.png */; };
		AE3DE1461DF5EDE90016B7C6 /* list-fat-7.png in Resources */ = {isa = PBXBuildFile; fileRef = AE3DD85E1DF5EDD30016B7C6 /* list-fat-7.png */; };
		AE3DE14F1DF5EDE90016B7C6 /* Resume.pdf in Resources */ = {isa = PBXBuildFile; fileRef = AE3DD8681DF5EDD30016B7C6 /* Resume.pdf */; };
		AE3DE1501DF5EDE90016B7C6 /* ResumeSectionTableViewCell.swift in Sources */ = {isa = PBXBuildFile; fileRef = AE3DD8691DF5EDD40016B7C6 /* ResumeSectionTableViewCell.swift */; };
		AE3DE1511DF5EDE90016B7C6 /* ResumeTableViewController.swift in Sources */ = {isa = PBXBuildFile; fileRef = AE3DD86A1DF5EDD40016B7C6 /* ResumeTableViewController.swift */; };
		AE3DE1521DF5EDE90016B7C6 /* ResumeViewController.swift in Sources */ = {isa = PBXBuildFile; fileRef = AE3DD86B1DF5EDD40016B7C6 /* ResumeViewController.swift */; };
		AE9312871DF87D450032E423 /* detailViewController.swift in Sources */ = {isa = PBXBuildFile; fileRef = AE9312861DF87D450032E423 /* detailViewController.swift */; };
		AE9312891DF8877F0032E423 /* technicalexperience0.txt in Resources */ = {isa = PBXBuildFile; fileRef = AE9312881DF8877F0032E423 /* technicalexperience0.txt */; };
		AE93128B1DF887C60032E423 /* technicalexperience1.txt in Resources */ = {isa = PBXBuildFile; fileRef = AE93128A1DF887C60032E423 /* technicalexperience1.txt */; };
		AE93128D1DF887F40032E423 /* technicalexperience2.txt in Resources */ = {isa = PBXBuildFile; fileRef = AE93128C1DF887F40032E423 /* technicalexperience2.txt */; };
		AE93128F1DF888000032E423 /* technicalexperience3.txt in Resources */ = {isa = PBXBuildFile; fileRef = AE93128E1DF888000032E423 /* technicalexperience3.txt */; };
		AE9312911DF888100032E423 /* technicalexperience4.txt in Resources */ = {isa = PBXBuildFile; fileRef = AE9312901DF888100032E423 /* technicalexperience4.txt */; };
		AE9312931DF888230032E423 /* technicalexperience5.txt in Resources */ = {isa = PBXBuildFile; fileRef = AE9312921DF888230032E423 /* technicalexperience5.txt */; };
		AE9312951DF88B210032E423 /* PersonalInfo.txt in Resources */ = {isa = PBXBuildFile; fileRef = AE9312941DF88B210032E423 /* PersonalInfo.txt */; };
		AE93129A1DF88D490032E423 /* personalinfo1.jpg in Resources */ = {isa = PBXBuildFile; fileRef = AE9312961DF88D490032E423 /* personalinfo1.jpg */; };
		AE93129B1DF88D490032E423 /* personalinfo2.jpg in Resources */ = {isa = PBXBuildFile; fileRef = AE9312971DF88D490032E423 /* personalinfo2.jpg */; };
		AE93129C1DF88D490032E423 /* personalinfo3.jpg in Resources */ = {isa = PBXBuildFile; fileRef = AE9312981DF88D490032E423 /* personalinfo3.jpg */; };
		AE93129D1DF88D490032E423 /* personalinfo4.jpg in Resources */ = {isa = PBXBuildFile; fileRef = AE9312991DF88D490032E423 /* personalinfo4.jpg */; };
		AE9312A11DF890910032E423 /* personalinfo0.jpg in Resources */ = {isa = PBXBuildFile; fileRef = AE9312A01DF890910032E423 /* personalinfo0.jpg */; };
		AEEF38FC1DF8779800A95883 /* technicalexperience0.jpg in Resources */ = {isa = PBXBuildFile; fileRef = AEEF38F91DF8779800A95883 /* technicalexperience0.jpg */; };
		AEEF38FD1DF8779800A95883 /* technicalexperience2.jpg in Resources */ = {isa = PBXBuildFile; fileRef = AEEF38FA1DF8779800A95883 /* technicalexperience2.jpg */; };
		AEEF38FE1DF8779800A95883 /* technicalexperience4.jpg in Resources */ = {isa = PBXBuildFile; fileRef = AEEF38FB1DF8779800A95883 /* technicalexperience4.jpg */; };
		AEEF39011DF877E200A95883 /* technicalexperience1.jpg in Resources */ = {isa = PBXBuildFile; fileRef = AEEF38FF1DF877E200A95883 /* technicalexperience1.jpg */; };
		AEEF39021DF877E200A95883 /* technicalexperience3.jpg in Resources */ = {isa = PBXBuildFile; fileRef = AEEF39001DF877E200A95883 /* technicalexperience3.jpg */; };
		AEEF39041DF8781400A95883 /* technicalexperience5.jpg in Resources */ = {isa = PBXBuildFile; fileRef = AEEF39031DF8781400A95883 /* technicalexperience5.jpg */; };
		AEF088F01DEDECA400AA313C /* AppDelegate.swift in Sources */ = {isa = PBXBuildFile; fileRef = AEF088EF1DEDECA400AA313C /* AppDelegate.swift */; };
		AEF088F21DEDECA400AA313C /* ViewController.swift in Sources */ = {isa = PBXBuildFile; fileRef = AEF088F11DEDECA400AA313C /* ViewController.swift */; };
		AEF088F51DEDECA400AA313C /* Main.storyboard in Resources */ = {isa = PBXBuildFile; fileRef = AEF088F31DEDECA400AA313C /* Main.storyboard */; };
		AEF088F71DEDECA400AA313C /* Assets.xcassets in Resources */ = {isa = PBXBuildFile; fileRef = AEF088F61DEDECA400AA313C /* Assets.xcassets */; };
		AEF088FA1DEDECA400AA313C /* LaunchScreen.storyboard in Resources */ = {isa = PBXBuildFile; fileRef = AEF088F81DEDECA400AA313C /* LaunchScreen.storyboard */; };
		AEF089051DEDECA400AA313C /* JTLTests.swift in Sources */ = {isa = PBXBuildFile; fileRef = AEF089041DEDECA400AA313C /* JTLTests.swift */; };
		AEF089101DEDECA400AA313C /* JTLUITests.swift in Sources */ = {isa = PBXBuildFile; fileRef = AEF0890F1DEDECA400AA313C /* JTLUITests.swift */; };
		AEF0891E1DEDEE7B00AA313C /* InitialViewController.swift in Sources */ = {isa = PBXBuildFile; fileRef = AEF0891D1DEDEE7B00AA313C /* InitialViewController.swift */; };
/* End PBXBuildFile section */

/* Begin PBXContainerItemProxy section */
		AEF089011DEDECA400AA313C /* PBXContainerItemProxy */ = {
			isa = PBXContainerItemProxy;
			containerPortal = AEF088E41DEDECA400AA313C /* Project object */;
			proxyType = 1;
			remoteGlobalIDString = AEF088EB1DEDECA400AA313C;
			remoteInfo = JTL;
		};
		AEF0890C1DEDECA400AA313C /* PBXContainerItemProxy */ = {
			isa = PBXContainerItemProxy;
			containerPortal = AEF088E41DEDECA400AA313C /* Project object */;
			proxyType = 1;
			remoteGlobalIDString = AEF088EB1DEDECA400AA313C;
			remoteInfo = JTL;
		};
/* End PBXContainerItemProxy section */

/* Begin PBXFileReference section */
		AE34B9141DF61999001D1E66 /* UIImageExtension.swift */ = {isa = PBXFileReference; fileEncoding = 4; lastKnownFileType = sourcecode.swift; path = UIImageExtension.swift; sourceTree = "<group>"; };
		AE34B9261DF72F0B001D1E66 /* Awards.jpg */ = {isa = PBXFileReference; lastKnownFileType = image.jpeg; path = Awards.jpg; sourceTree = "<group>"; };
		AE34B9271DF72F0B001D1E66 /* Education.jpg */ = {isa = PBXFileReference; lastKnownFileType = image.jpeg; path = Education.jpg; sourceTree = "<group>"; };
		AE34B9281DF72F0B001D1E66 /* Interests.jpg */ = {isa = PBXFileReference; lastKnownFileType = image.jpeg; path = Interests.jpg; sourceTree = "<group>"; };
		AE34B9291DF72F0B001D1E66 /* Languages.jpg */ = {isa = PBXFileReference; lastKnownFileType = image.jpeg; path = Languages.jpg; sourceTree = "<group>"; };
		AE34B92A1DF72F0B001D1E66 /* PersonalInfo.jpg */ = {isa = PBXFileReference; lastKnownFileType = image.jpeg; path = PersonalInfo.jpg; sourceTree = "<group>"; };
		AE34B92B1DF72F0B001D1E66 /* Publications.jpg */ = {isa = PBXFileReference; lastKnownFileType = image.jpeg; path = Publications.jpg; sourceTree = "<group>"; };
		AE34B92C1DF72F0B001D1E66 /* TechnicalExperience.jpg */ = {isa = PBXFileReference; lastKnownFileType = image.jpeg; path = TechnicalExperience.jpg; sourceTree = "<group>"; };
		AE34B93D1DF73D9C001D1E66 /* tamu1.jpg */ = {isa = PBXFileReference; lastKnownFileType = image.jpeg; path = tamu1.jpg; sourceTree = "<group>"; };
		AE34B9401DF74135001D1E66 /* tamu2.jpg */ = {isa = PBXFileReference; lastKnownFileType = image.jpeg; path = tamu2.jpg; sourceTree = "<group>"; };
		AE34B9421DF747C4001D1E66 /* interestsGolf.jpg */ = {isa = PBXFileReference; lastKnownFileType = image.jpeg; path = interestsGolf.jpg; sourceTree = "<group>"; };
		AE34B9431DF747C4001D1E66 /* interestsHiking.jpg */ = {isa = PBXFileReference; lastKnownFileType = image.jpeg; path = interestsHiking.jpg; sourceTree = "<group>"; };
		AE34B9461DF74837001D1E66 /* interestsBaseball.jpg */ = {isa = PBXFileReference; lastKnownFileType = image.jpeg; path = interestsBaseball.jpg; sourceTree = "<group>"; };
		AE34B9471DF74837001D1E66 /* interestsFootball.jpg */ = {isa = PBXFileReference; lastKnownFileType = image.jpeg; path = interestsFootball.jpg; sourceTree = "<group>"; };
		AE34B94A1DF7486D001D1E66 /* interestsSwimming.jpg */ = {isa = PBXFileReference; lastKnownFileType = image.jpeg; path = interestsSwimming.jpg; sourceTree = "<group>"; };
		AE34B9501DF75BEA001D1E66 /* languagesC++.jpg */ = {isa = PBXFileReference; lastKnownFileType = image.jpeg; path = "languagesC++.jpg"; sourceTree = "<group>"; };
		AE34B9511DF75BEA001D1E66 /* languagesFortran.jpg */ = {isa = PBXFileReference; lastKnownFileType = image.jpeg; path = languagesFortran.jpg; sourceTree = "<group>"; };
		AE34B9531DF75BEA001D1E66 /* languagesMatlab.jpg */ = {isa = PBXFileReference; lastKnownFileType = image.jpeg; path = languagesMatlab.jpg; sourceTree = "<group>"; };
		AE34B9541DF75BEA001D1E66 /* languagesPython.jpg */ = {isa = PBXFileReference; lastKnownFileType = image.jpeg; path = languagesPython.jpg; sourceTree = "<group>"; };
		AE34B9561DF75BEA001D1E66 /* languagesSwift.jpg */ = {isa = PBXFileReference; lastKnownFileType = image.jpeg; path = languagesSwift.jpg; sourceTree = "<group>"; };
		AE34B95E1DF75D0A001D1E66 /* languagesLatex.jpg */ = {isa = PBXFileReference; lastKnownFileType = image.jpeg; path = languagesLatex.jpg; sourceTree = "<group>"; };
		AE34B9601DF75F08001D1E66 /* languagesR.jpg */ = {isa = PBXFileReference; lastKnownFileType = image.jpeg; path = languagesR.jpg; sourceTree = "<group>"; };
		AE34B9621DF76328001D1E66 /* sectionTableViewController.swift */ = {isa = PBXFileReference; fileEncoding = 4; lastKnownFileType = sourcecode.swift; path = sectionTableViewController.swift; sourceTree = "<group>"; };
		AE34B9641DF763B4001D1E66 /* dataTableViewCell.swift */ = {isa = PBXFileReference; fileEncoding = 4; lastKnownFileType = sourcecode.swift; path = dataTableViewCell.swift; sourceTree = "<group>"; };
		AE34B9661DF76815001D1E66 /* Languages.txt */ = {isa = PBXFileReference; fileEncoding = 4; lastKnownFileType = text; path = Languages.txt; sourceTree = "<group>"; };
		AE34B9681DF76B3F001D1E66 /* Interests.txt */ = {isa = PBXFileReference; fileEncoding = 4; lastKnownFileType = text; path = Interests.txt; sourceTree = "<group>"; };
		AE34B96C1DF76C68001D1E66 /* Publications.txt */ = {isa = PBXFileReference; fileEncoding = 4; lastKnownFileType = text; path = Publications.txt; sourceTree = "<group>"; };
		AE34B96E1DF76CC4001D1E66 /* Awards.txt */ = {isa = PBXFileReference; fileEncoding = 4; lastKnownFileType = text; path = Awards.txt; sourceTree = "<group>"; };
		AE34B9701DF77150001D1E66 /* publications0.jpg */ = {isa = PBXFileReference; lastKnownFileType = image.jpeg; path = publications0.jpg; sourceTree = "<group>"; };
		AE34B9711DF77150001D1E66 /* publications1.jpg */ = {isa = PBXFileReference; lastKnownFileType = image.jpeg; path = publications1.jpg; sourceTree = "<group>"; };
		AE34B9721DF77150001D1E66 /* publications2.jpg */ = {isa = PBXFileReference; lastKnownFileType = image.jpeg; path = publications2.jpg; sourceTree = "<group>"; };
		AE34B9761DF7739C001D1E66 /* awards0.jpg */ = {isa = PBXFileReference; lastKnownFileType = image.jpeg; path = awards0.jpg; sourceTree = "<group>"; };
		AE34B9781DF774BF001D1E66 /* awards1.jpg */ = {isa = PBXFileReference; lastKnownFileType = image.jpeg; path = awards1.jpg; sourceTree = "<group>"; };
		AE34B9791DF774BF001D1E66 /* awards2.jpg */ = {isa = PBXFileReference; lastKnownFileType = image.jpeg; path = awards2.jpg; sourceTree = "<group>"; };
		AE34B97A1DF774BF001D1E66 /* awards3.jpg */ = {isa = PBXFileReference; lastKnownFileType = image.jpeg; path = awards3.jpg; sourceTree = "<group>"; };
		AE34B97E1DF775FF001D1E66 /* TechnicalExperience.txt */ = {isa = PBXFileReference; fileEncoding = 4; lastKnownFileType = text; path = TechnicalExperience.txt; sourceTree = "<group>"; };
		AE36C2C71DF8D78A005BDF4E /* SafariServices.framework */ = {isa = PBXFileReference; lastKnownFileType = wrapper.framework; name = SafariServices.framework; path = System/Library/Frameworks/SafariServices.framework; sourceTree = SDKROOT; };
		AE36C2C91DF8E2CF005BDF4E /* TechnicalExperienceDates.txt */ = {isa = PBXFileReference; fileEncoding = 4; lastKnownFileType = text; path = TechnicalExperienceDates.txt; sourceTree = "<group>"; };
		AE3DCCDE1DF5EDCB0016B7C6 /* file-document-7.png */ = {isa = PBXFileReference; lastKnownFileType = image.png; path = "file-document-7.png"; sourceTree = "<group>"; };
		AE3DD85E1DF5EDD30016B7C6 /* list-fat-7.png */ = {isa = PBXFileReference; lastKnownFileType = image.png; path = "list-fat-7.png"; sourceTree = "<group>"; };
		AE3DD8681DF5EDD30016B7C6 /* Resume.pdf */ = {isa = PBXFileReference; lastKnownFileType = image.pdf; path = Resume.pdf; sourceTree = "<group>"; };
		AE3DD8691DF5EDD40016B7C6 /* ResumeSectionTableViewCell.swift */ = {isa = PBXFileReference; fileEncoding = 4; lastKnownFileType = sourcecode.swift; path = ResumeSectionTableViewCell.swift; sourceTree = "<group>"; };
		AE3DD86A1DF5EDD40016B7C6 /* ResumeTableViewController.swift */ = {isa = PBXFileReference; fileEncoding = 4; lastKnownFileType = sourcecode.swift; path = ResumeTableViewController.swift; sourceTree = "<group>"; };
		AE3DD86B1DF5EDD40016B7C6 /* ResumeViewController.swift */ = {isa = PBXFileReference; fileEncoding = 4; lastKnownFileType = sourcecode.swift; path = ResumeViewController.swift; sourceTree = "<group>"; };
		AE9312861DF87D450032E423 /* detailViewController.swift */ = {isa = PBXFileReference; fileEncoding = 4; lastKnownFileType = sourcecode.swift; path = detailViewController.swift; sourceTree = "<group>"; };
		AE9312881DF8877F0032E423 /* technicalexperience0.txt */ = {isa = PBXFileReference; fileEncoding = 4; lastKnownFileType = text; path = technicalexperience0.txt; sourceTree = "<group>"; };
		AE93128A1DF887C60032E423 /* technicalexperience1.txt */ = {isa = PBXFileReference; fileEncoding = 4; lastKnownFileType = text; path = technicalexperience1.txt; sourceTree = "<group>"; };
		AE93128C1DF887F40032E423 /* technicalexperience2.txt */ = {isa = PBXFileReference; fileEncoding = 4; lastKnownFileType = text; path = technicalexperience2.txt; sourceTree = "<group>"; };
		AE93128E1DF888000032E423 /* technicalexperience3.txt */ = {isa = PBXFileReference; fileEncoding = 4; lastKnownFileType = text; path = technicalexperience3.txt; sourceTree = "<group>"; };
		AE9312901DF888100032E423 /* technicalexperience4.txt */ = {isa = PBXFileReference; fileEncoding = 4; lastKnownFileType = text; path = technicalexperience4.txt; sourceTree = "<group>"; };
		AE9312921DF888230032E423 /* technicalexperience5.txt */ = {isa = PBXFileReference; fileEncoding = 4; lastKnownFileType = text; path = technicalexperience5.txt; sourceTree = "<group>"; };
		AE9312941DF88B210032E423 /* PersonalInfo.txt */ = {isa = PBXFileReference; fileEncoding = 4; lastKnownFileType = text; path = PersonalInfo.txt; sourceTree = "<group>"; };
		AE9312961DF88D490032E423 /* personalinfo1.jpg */ = {isa = PBXFileReference; lastKnownFileType = image.jpeg; path = personalinfo1.jpg; sourceTree = "<group>"; };
		AE9312971DF88D490032E423 /* personalinfo2.jpg */ = {isa = PBXFileReference; lastKnownFileType = image.jpeg; path = personalinfo2.jpg; sourceTree = "<group>"; };
		AE9312981DF88D490032E423 /* personalinfo3.jpg */ = {isa = PBXFileReference; lastKnownFileType = image.jpeg; path = personalinfo3.jpg; sourceTree = "<group>"; };
		AE9312991DF88D490032E423 /* personalinfo4.jpg */ = {isa = PBXFileReference; lastKnownFileType = image.jpeg; path = personalinfo4.jpg; sourceTree = "<group>"; };
		AE9312A01DF890910032E423 /* personalinfo0.jpg */ = {isa = PBXFileReference; lastKnownFileType = image.jpeg; path = personalinfo0.jpg; sourceTree = "<group>"; };
		AEEF38F91DF8779800A95883 /* technicalexperience0.jpg */ = {isa = PBXFileReference; lastKnownFileType = image.jpeg; path = technicalexperience0.jpg; sourceTree = "<group>"; };
		AEEF38FA1DF8779800A95883 /* technicalexperience2.jpg */ = {isa = PBXFileReference; lastKnownFileType = image.jpeg; path = technicalexperience2.jpg; sourceTree = "<group>"; };
		AEEF38FB1DF8779800A95883 /* technicalexperience4.jpg */ = {isa = PBXFileReference; lastKnownFileType = image.jpeg; path = technicalexperience4.jpg; sourceTree = "<group>"; };
		AEEF38FF1DF877E200A95883 /* technicalexperience1.jpg */ = {isa = PBXFileReference; lastKnownFileType = image.jpeg; path = technicalexperience1.jpg; sourceTree = "<group>"; };
		AEEF39001DF877E200A95883 /* technicalexperience3.jpg */ = {isa = PBXFileReference; lastKnownFileType = image.jpeg; path = technicalexperience3.jpg; sourceTree = "<group>"; };
		AEEF39031DF8781400A95883 /* technicalexperience5.jpg */ = {isa = PBXFileReference; lastKnownFileType = image.jpeg; path = technicalexperience5.jpg; sourceTree = "<group>"; };
		AEF088EC1DEDECA400AA313C /* JTL.app */ = {isa = PBXFileReference; explicitFileType = wrapper.application; includeInIndex = 0; path = JTL.app; sourceTree = BUILT_PRODUCTS_DIR; };
		AEF088EF1DEDECA400AA313C /* AppDelegate.swift */ = {isa = PBXFileReference; lastKnownFileType = sourcecode.swift; path = AppDelegate.swift; sourceTree = "<group>"; };
		AEF088F11DEDECA400AA313C /* ViewController.swift */ = {isa = PBXFileReference; lastKnownFileType = sourcecode.swift; path = ViewController.swift; sourceTree = "<group>"; };
		AEF088F41DEDECA400AA313C /* Base */ = {isa = PBXFileReference; lastKnownFileType = file.storyboard; name = Base; path = Base.lproj/Main.storyboard; sourceTree = "<group>"; };
		AEF088F61DEDECA400AA313C /* Assets.xcassets */ = {isa = PBXFileReference; lastKnownFileType = folder.assetcatalog; path = Assets.xcassets; sourceTree = "<group>"; };
		AEF088F91DEDECA400AA313C /* Base */ = {isa = PBXFileReference; lastKnownFileType = file.storyboard; name = Base; path = Base.lproj/LaunchScreen.storyboard; sourceTree = "<group>"; };
		AEF088FB1DEDECA400AA313C /* Info.plist */ = {isa = PBXFileReference; lastKnownFileType = text.plist.xml; path = Info.plist; sourceTree = "<group>"; };
		AEF089001DEDECA400AA313C /* JTLTests.xctest */ = {isa = PBXFileReference; explicitFileType = wrapper.cfbundle; includeInIndex = 0; path = JTLTests.xctest; sourceTree = BUILT_PRODUCTS_DIR; };
		AEF089041DEDECA400AA313C /* JTLTests.swift */ = {isa = PBXFileReference; lastKnownFileType = sourcecode.swift; path = JTLTests.swift; sourceTree = "<group>"; };
		AEF089061DEDECA400AA313C /* Info.plist */ = {isa = PBXFileReference; lastKnownFileType = text.plist.xml; path = Info.plist; sourceTree = "<group>"; };
		AEF0890B1DEDECA400AA313C /* JTLUITests.xctest */ = {isa = PBXFileReference; explicitFileType = wrapper.cfbundle; includeInIndex = 0; path = JTLUITests.xctest; sourceTree = BUILT_PRODUCTS_DIR; };
		AEF0890F1DEDECA400AA313C /* JTLUITests.swift */ = {isa = PBXFileReference; lastKnownFileType = sourcecode.swift; path = JTLUITests.swift; sourceTree = "<group>"; };
		AEF089111DEDECA400AA313C /* Info.plist */ = {isa = PBXFileReference; lastKnownFileType = text.plist.xml; path = Info.plist; sourceTree = "<group>"; };
		AEF0891D1DEDEE7B00AA313C /* InitialViewController.swift */ = {isa = PBXFileReference; fileEncoding = 4; lastKnownFileType = sourcecode.swift; path = InitialViewController.swift; sourceTree = "<group>"; };
/* End PBXFileReference section */

/* Begin PBXFrameworksBuildPhase section */
		AEF088E91DEDECA400AA313C /* Frameworks */ = {
			isa = PBXFrameworksBuildPhase;
			buildActionMask = 2147483647;
			files = (
				AE36C2C81DF8D78A005BDF4E /* SafariServices.framework in Frameworks */,
			);
			runOnlyForDeploymentPostprocessing = 0;
		};
		AEF088FD1DEDECA400AA313C /* Frameworks */ = {
			isa = PBXFrameworksBuildPhase;
			buildActionMask = 2147483647;
			files = (
			);
			runOnlyForDeploymentPostprocessing = 0;
		};
		AEF089081DEDECA400AA313C /* Frameworks */ = {
			isa = PBXFrameworksBuildPhase;
			buildActionMask = 2147483647;
			files = (
			);
			runOnlyForDeploymentPostprocessing = 0;
		};
/* End PBXFrameworksBuildPhase section */

/* Begin PBXGroup section */
		AE34B9251DF72F0B001D1E66 /* Images */ = {
			isa = PBXGroup;
			children = (
				AE9312A01DF890910032E423 /* personalinfo0.jpg */,
				AE9312961DF88D490032E423 /* personalinfo1.jpg */,
				AE9312971DF88D490032E423 /* personalinfo2.jpg */,
				AE9312981DF88D490032E423 /* personalinfo3.jpg */,
				AE9312991DF88D490032E423 /* personalinfo4.jpg */,
				AEEF38F91DF8779800A95883 /* technicalexperience0.jpg */,
				AEEF38FF1DF877E200A95883 /* technicalexperience1.jpg */,
				AEEF39001DF877E200A95883 /* technicalexperience3.jpg */,
				AEEF38FA1DF8779800A95883 /* technicalexperience2.jpg */,
				AEEF39031DF8781400A95883 /* technicalexperience5.jpg */,
				AEEF38FB1DF8779800A95883 /* technicalexperience4.jpg */,
				AE34B9761DF7739C001D1E66 /* awards0.jpg */,
				AE34B9781DF774BF001D1E66 /* awards1.jpg */,
				AE34B9791DF774BF001D1E66 /* awards2.jpg */,
				AE34B97A1DF774BF001D1E66 /* awards3.jpg */,
				AE34B9701DF77150001D1E66 /* publications0.jpg */,
				AE34B9711DF77150001D1E66 /* publications1.jpg */,
				AE34B9721DF77150001D1E66 /* publications2.jpg */,
				AE34B9261DF72F0B001D1E66 /* Awards.jpg */,
				AE34B93D1DF73D9C001D1E66 /* tamu1.jpg */,
				AE34B9461DF74837001D1E66 /* interestsBaseball.jpg */,
				AE34B9501DF75BEA001D1E66 /* languagesC++.jpg */,
				AE34B9511DF75BEA001D1E66 /* languagesFortran.jpg */,
				AE34B9531DF75BEA001D1E66 /* languagesMatlab.jpg */,
				AE34B9541DF75BEA001D1E66 /* languagesPython.jpg */,
				AE34B9601DF75F08001D1E66 /* languagesR.jpg */,
				AE34B95E1DF75D0A001D1E66 /* languagesLatex.jpg */,
				AE34B9561DF75BEA001D1E66 /* languagesSwift.jpg */,
				AE34B94A1DF7486D001D1E66 /* interestsSwimming.jpg */,
				AE34B9471DF74837001D1E66 /* interestsFootball.jpg */,
				AE34B9421DF747C4001D1E66 /* interestsGolf.jpg */,
				AE34B9431DF747C4001D1E66 /* interestsHiking.jpg */,
				AE34B9401DF74135001D1E66 /* tamu2.jpg */,
				AE34B9271DF72F0B001D1E66 /* Education.jpg */,
				AE34B9281DF72F0B001D1E66 /* Interests.jpg */,
				AE34B9291DF72F0B001D1E66 /* Languages.jpg */,
				AE34B92A1DF72F0B001D1E66 /* PersonalInfo.jpg */,
				AE34B92B1DF72F0B001D1E66 /* Publications.jpg */,
				AE34B92C1DF72F0B001D1E66 /* TechnicalExperience.jpg */,
			);
			name = Images;
			path = ResumeHalfFiltered;
			sourceTree = "<group>";
		};
		AE34B96A1DF76BF6001D1E66 /* Text Files */ = {
			isa = PBXGroup;
			children = (
				AE34B9681DF76B3F001D1E66 /* Interests.txt */,
				AE34B9661DF76815001D1E66 /* Languages.txt */,
				AE34B96C1DF76C68001D1E66 /* Publications.txt */,
				AE34B96E1DF76CC4001D1E66 /* Awards.txt */,
				AE34B97E1DF775FF001D1E66 /* TechnicalExperience.txt */,
				AE9312881DF8877F0032E423 /* technicalexperience0.txt */,
				AE93128A1DF887C60032E423 /* technicalexperience1.txt */,
				AE93128C1DF887F40032E423 /* technicalexperience2.txt */,
				AE93128E1DF888000032E423 /* technicalexperience3.txt */,
				AE9312901DF888100032E423 /* technicalexperience4.txt */,
				AE9312921DF888230032E423 /* technicalexperience5.txt */,
				AE9312941DF88B210032E423 /* PersonalInfo.txt */,
				AE36C2C91DF8E2CF005BDF4E /* TechnicalExperienceDates.txt */,
			);
			name = "Text Files";
			sourceTree = "<group>";
		};
		AE34B96B1DF76C0D001D1E66 /* Icons and PDF */ = {
			isa = PBXGroup;
			children = (
				AE3DD85E1DF5EDD30016B7C6 /* list-fat-7.png */,
				AE3DD8681DF5EDD30016B7C6 /* Resume.pdf */,
				AE3DCCDE1DF5EDCB0016B7C6 /* file-document-7.png */,
			);
			name = "Icons and PDF";
			sourceTree = "<group>";
		};
		AE36C2C61DF8D78A005BDF4E /* Frameworks */ = {
			isa = PBXGroup;
			children = (
				AE36C2C71DF8D78A005BDF4E /* SafariServices.framework */,
			);
			name = Frameworks;
			sourceTree = "<group>";
		};
		AEF088E31DEDECA400AA313C = {
			isa = PBXGroup;
			children = (
				AEF088EE1DEDECA400AA313C /* JTL */,
				AEF089031DEDECA400AA313C /* JTLTests */,
				AEF0890E1DEDECA400AA313C /* JTLUITests */,
				AEF088ED1DEDECA400AA313C /* Products */,
				AE36C2C61DF8D78A005BDF4E /* Frameworks */,
			);
			sourceTree = "<group>";
		};
		AEF088ED1DEDECA400AA313C /* Products */ = {
			isa = PBXGroup;
			children = (
				AEF088EC1DEDECA400AA313C /* JTL.app */,
				AEF089001DEDECA400AA313C /* JTLTests.xctest */,
				AEF0890B1DEDECA400AA313C /* JTLUITests.xctest */,
			);
			name = Products;
			sourceTree = "<group>";
		};
		AEF088EE1DEDECA400AA313C /* JTL */ = {
			isa = PBXGroup;
			children = (
				AE9312861DF87D450032E423 /* detailViewController.swift */,
				AE34B96B1DF76C0D001D1E66 /* Icons and PDF */,
				AE34B96A1DF76BF6001D1E66 /* Text Files */,
				AEF088EF1DEDECA400AA313C /* AppDelegate.swift */,
				AE34B9141DF61999001D1E66 /* UIImageExtension.swift */,
				AEF088F11DEDECA400AA313C /* ViewController.swift */,
				AEF088F31DEDECA400AA313C /* Main.storyboard */,
				AEF0891D1DEDEE7B00AA313C /* InitialViewController.swift */,
				AEF088F61DEDECA400AA313C /* Assets.xcassets */,
				AE34B9621DF76328001D1E66 /* sectionTableViewController.swift */,
				AE34B9641DF763B4001D1E66 /* dataTableViewCell.swift */,
				AE34B9251DF72F0B001D1E66 /* Images */,
				AE3DD8691DF5EDD40016B7C6 /* ResumeSectionTableViewCell.swift */,
				AE3DD86A1DF5EDD40016B7C6 /* ResumeTableViewController.swift */,
				AE3DD86B1DF5EDD40016B7C6 /* ResumeViewController.swift */,
				AEF088F81DEDECA400AA313C /* LaunchScreen.storyboard */,
				AEF088FB1DEDECA400AA313C /* Info.plist */,
			);
			path = JTL;
			sourceTree = "<group>";
		};
		AEF089031DEDECA400AA313C /* JTLTests */ = {
			isa = PBXGroup;
			children = (
				AEF089041DEDECA400AA313C /* JTLTests.swift */,
				AEF089061DEDECA400AA313C /* Info.plist */,
			);
			path = JTLTests;
			sourceTree = "<group>";
		};
		AEF0890E1DEDECA400AA313C /* JTLUITests */ = {
			isa = PBXGroup;
			children = (
				AEF0890F1DEDECA400AA313C /* JTLUITests.swift */,
				AEF089111DEDECA400AA313C /* Info.plist */,
			);
			path = JTLUITests;
			sourceTree = "<group>";
		};
/* End PBXGroup section */

/* Begin PBXNativeTarget section */
		AEF088EB1DEDECA400AA313C /* JTL */ = {
			isa = PBXNativeTarget;
			buildConfigurationList = AEF089141DEDECA400AA313C /* Build configuration list for PBXNativeTarget "JTL" */;
			buildPhases = (
				AEF088E81DEDECA400AA313C /* Sources */,
				AEF088E91DEDECA400AA313C /* Frameworks */,
				AEF088EA1DEDECA400AA313C /* Resources */,
			);
			buildRules = (
			);
			dependencies = (
			);
			name = JTL;
			productName = JTL;
			productReference = AEF088EC1DEDECA400AA313C /* JTL.app */;
			productType = "com.apple.product-type.application";
		};
		AEF088FF1DEDECA400AA313C /* JTLTests */ = {
			isa = PBXNativeTarget;
			buildConfigurationList = AEF089171DEDECA400AA313C /* Build configuration list for PBXNativeTarget "JTLTests" */;
			buildPhases = (
				AEF088FC1DEDECA400AA313C /* Sources */,
				AEF088FD1DEDECA400AA313C /* Frameworks */,
				AEF088FE1DEDECA400AA313C /* Resources */,
			);
			buildRules = (
			);
			dependencies = (
				AEF089021DEDECA400AA313C /* PBXTargetDependency */,
			);
			name = JTLTests;
			productName = JTLTests;
			productReference = AEF089001DEDECA400AA313C /* JTLTests.xctest */;
			productType = "com.apple.product-type.bundle.unit-test";
		};
		AEF0890A1DEDECA400AA313C /* JTLUITests */ = {
			isa = PBXNativeTarget;
			buildConfigurationList = AEF0891A1DEDECA400AA313C /* Build configuration list for PBXNativeTarget "JTLUITests" */;
			buildPhases = (
				AEF089071DEDECA400AA313C /* Sources */,
				AEF089081DEDECA400AA313C /* Frameworks */,
				AEF089091DEDECA400AA313C /* Resources */,
			);
			buildRules = (
			);
			dependencies = (
				AEF0890D1DEDECA400AA313C /* PBXTargetDependency */,
			);
			name = JTLUITests;
			productName = JTLUITests;
			productReference = AEF0890B1DEDECA400AA313C /* JTLUITests.xctest */;
			productType = "com.apple.product-type.bundle.ui-testing";
		};
/* End PBXNativeTarget section */

/* Begin PBXProject section */
		AEF088E41DEDECA400AA313C /* Project object */ = {
			isa = PBXProject;
			attributes = {
				LastSwiftUpdateCheck = 0810;
				LastUpgradeCheck = 0810;
				ORGANIZATIONNAME = "Jacob Landman";
				TargetAttributes = {
					AEF088EB1DEDECA400AA313C = {
						CreatedOnToolsVersion = 8.1;
						DevelopmentTeam = MBLBPAM74V;
						ProvisioningStyle = Automatic;
					};
					AEF088FF1DEDECA400AA313C = {
						CreatedOnToolsVersion = 8.1;
						DevelopmentTeam = MBLBPAM74V;
						ProvisioningStyle = Automatic;
						TestTargetID = AEF088EB1DEDECA400AA313C;
					};
					AEF0890A1DEDECA400AA313C = {
						CreatedOnToolsVersion = 8.1;
						DevelopmentTeam = MBLBPAM74V;
						ProvisioningStyle = Automatic;
						TestTargetID = AEF088EB1DEDECA400AA313C;
					};
				};
			};
			buildConfigurationList = AEF088E71DEDECA400AA313C /* Build configuration list for PBXProject "JTL" */;
			compatibilityVersion = "Xcode 3.2";
			developmentRegion = English;
			hasScannedForEncodings = 0;
			knownRegions = (
				en,
				Base,
			);
			mainGroup = AEF088E31DEDECA400AA313C;
			productRefGroup = AEF088ED1DEDECA400AA313C /* Products */;
			projectDirPath = "";
			projectRoot = "";
			targets = (
				AEF088EB1DEDECA400AA313C /* JTL */,
				AEF088FF1DEDECA400AA313C /* JTLTests */,
				AEF0890A1DEDECA400AA313C /* JTLUITests */,
			);
		};
/* End PBXProject section */

/* Begin PBXResourcesBuildPhase section */
		AEF088EA1DEDECA400AA313C /* Resources */ = {
			isa = PBXResourcesBuildPhase;
			buildActionMask = 2147483647;
			files = (
				AE93129C1DF88D490032E423 /* personalinfo3.jpg in Resources */,
				AE34B9741DF77150001D1E66 /* publications1.jpg in Resources */,
				AE34B97B1DF774BF001D1E66 /* awards1.jpg in Resources */,
				AE34B92E1DF72F0B001D1E66 /* Education.jpg in Resources */,
				AE34B9611DF75F08001D1E66 /* languagesR.jpg in Resources */,
				AE34B9671DF76815001D1E66 /* Languages.txt in Resources */,
				AE34B9481DF74837001D1E66 /* interestsBaseball.jpg in Resources */,
				AE34B9771DF7739C001D1E66 /* awards0.jpg in Resources */,
				AE34B92F1DF72F0B001D1E66 /* Interests.jpg in Resources */,
				AEF088FA1DEDECA400AA313C /* LaunchScreen.storyboard in Resources */,
				AE93128F1DF888000032E423 /* technicalexperience3.txt in Resources */,
				AEEF38FD1DF8779800A95883 /* technicalexperience2.jpg in Resources */,
				AE34B9331DF72F0B001D1E66 /* TechnicalExperience.jpg in Resources */,
				AE93128D1DF887F40032E423 /* technicalexperience2.txt in Resources */,
				AE34B95D1DF75BEA001D1E66 /* languagesSwift.jpg in Resources */,
				AEF088F71DEDECA400AA313C /* Assets.xcassets in Resources */,
				AE9312A11DF890910032E423 /* personalinfo0.jpg in Resources */,
				AE34B9581DF75BEA001D1E66 /* languagesFortran.jpg in Resources */,
				AE93129B1DF88D490032E423 /* personalinfo2.jpg in Resources */,
				AE34B97D1DF774BF001D1E66 /* awards3.jpg in Resources */,
				AE9312931DF888230032E423 /* technicalexperience5.txt in Resources */,
				AE34B9441DF747C4001D1E66 /* interestsGolf.jpg in Resources */,
				AE34B9321DF72F0B001D1E66 /* Publications.jpg in Resources */,
				AEEF39021DF877E200A95883 /* technicalexperience3.jpg in Resources */,
				AE3DE14F1DF5EDE90016B7C6 /* Resume.pdf in Resources */,
				AE34B95B1DF75BEA001D1E66 /* languagesPython.jpg in Resources */,
				AE34B9751DF77150001D1E66 /* publications2.jpg in Resources */,
				AEEF38FE1DF8779800A95883 /* technicalexperience4.jpg in Resources */,
				AE34B9451DF747C4001D1E66 /* interestsHiking.jpg in Resources */,
				AE93128B1DF887C60032E423 /* technicalexperience1.txt in Resources */,
				AE3DD86D1DF5EDD40016B7C6 /* file-document-7.png in Resources */,
				AE34B93F1DF73D9C001D1E66 /* tamu1.jpg in Resources */,
				AEF088F51DEDECA400AA313C /* Main.storyboard in Resources */,
				AE34B9491DF74837001D1E66 /* interestsFootball.jpg in Resources */,
				AE34B92D1DF72F0B001D1E66 /* Awards.jpg in Resources */,
				AE34B9411DF74135001D1E66 /* tamu2.jpg in Resources */,
				AE34B96F1DF76CC4001D1E66 /* Awards.txt in Resources */,
				AE9312911DF888100032E423 /* technicalexperience4.txt in Resources */,
				AE34B94B1DF7486D001D1E66 /* interestsSwimming.jpg in Resources */,
				AE34B97C1DF774BF001D1E66 /* awards2.jpg in Resources */,
				AE34B9691DF76B3F001D1E66 /* Interests.txt in Resources */,
				AE93129A1DF88D490032E423 /* personalinfo1.jpg in Resources */,
				AE3DE1461DF5EDE90016B7C6 /* list-fat-7.png in Resources */,
				AE34B9571DF75BEA001D1E66 /* languagesC++.jpg in Resources */,
				AE9312891DF8877F0032E423 /* technicalexperience0.txt in Resources */,
				AEEF39011DF877E200A95883 /* technicalexperience1.jpg in Resources */,
				AE34B96D1DF76C68001D1E66 /* Publications.txt in Resources */,
				AE34B9311DF72F0B001D1E66 /* PersonalInfo.jpg in Resources */,
				AE34B9301DF72F0B001D1E66 /* Languages.jpg in Resources */,
				AE34B9731DF77150001D1E66 /* publications0.jpg in Resources */,
				AE36C2CA1DF8E2CF005BDF4E /* TechnicalExperienceDates.txt in Resources */,
				AEEF38FC1DF8779800A95883 /* technicalexperience0.jpg in Resources */,
				AE34B95F1DF75D0A001D1E66 /* languagesLatex.jpg in Resources */,
				AE9312951DF88B210032E423 /* PersonalInfo.txt in Resources */,
				AE93129D1DF88D490032E423 /* personalinfo4.jpg in Resources */,
				AE34B97F1DF775FF001D1E66 /* TechnicalExperience.txt in Resources */,
				AE34B95A1DF75BEA001D1E66 /* languagesMatlab.jpg in Resources */,
				AEEF39041DF8781400A95883 /* technicalexperience5.jpg in Resources */,
			);
			runOnlyForDeploymentPostprocessing = 0;
		};
		AEF088FE1DEDECA400AA313C /* Resources */ = {
			isa = PBXResourcesBuildPhase;
			buildActionMask = 2147483647;
			files = (
			);
			runOnlyForDeploymentPostprocessing = 0;
		};
		AEF089091DEDECA400AA313C /* Resources */ = {
			isa = PBXResourcesBuildPhase;
			buildActionMask = 2147483647;
			files = (
			);
			runOnlyForDeploymentPostprocessing = 0;
		};
/* End PBXResourcesBuildPhase section */

/* Begin PBXSourcesBuildPhase section */
		AEF088E81DEDECA400AA313C /* Sources */ = {
			isa = PBXSourcesBuildPhase;
			buildActionMask = 2147483647;
			files = (
				AE3DE1511DF5EDE90016B7C6 /* ResumeTableViewController.swift in Sources */,
				AE3DE1501DF5EDE90016B7C6 /* ResumeSectionTableViewCell.swift in Sources */,
				AE34B9151DF61999001D1E66 /* UIImageExtension.swift in Sources */,
				AE9312871DF87D450032E423 /* detailViewController.swift in Sources */,
				AE3DE1521DF5EDE90016B7C6 /* ResumeViewController.swift in Sources */,
				AEF0891E1DEDEE7B00AA313C /* InitialViewController.swift in Sources */,
				AEF088F21DEDECA400AA313C /* ViewController.swift in Sources */,
				AEF088F01DEDECA400AA313C /* AppDelegate.swift in Sources */,
				AE34B9631DF76328001D1E66 /* sectionTableViewController.swift in Sources */,
				AE34B9651DF763B4001D1E66 /* dataTableViewCell.swift in Sources */,
			);
			runOnlyForDeploymentPostprocessing = 0;
		};
		AEF088FC1DEDECA400AA313C /* Sources */ = {
			isa = PBXSourcesBuildPhase;
			buildActionMask = 2147483647;
			files = (
				AEF089051DEDECA400AA313C /* JTLTests.swift in Sources */,
			);
			runOnlyForDeploymentPostprocessing = 0;
		};
		AEF089071DEDECA400AA313C /* Sources */ = {
			isa = PBXSourcesBuildPhase;
			buildActionMask = 2147483647;
			files = (
				AEF089101DEDECA400AA313C /* JTLUITests.swift in Sources */,
			);
			runOnlyForDeploymentPostprocessing = 0;
		};
/* End PBXSourcesBuildPhase section */

/* Begin PBXTargetDependency section */
		AEF089021DEDECA400AA313C /* PBXTargetDependency */ = {
			isa = PBXTargetDependency;
			target = AEF088EB1DEDECA400AA313C /* JTL */;
			targetProxy = AEF089011DEDECA400AA313C /* PBXContainerItemProxy */;
		};
		AEF0890D1DEDECA400AA313C /* PBXTargetDependency */ = {
			isa = PBXTargetDependency;
			target = AEF088EB1DEDECA400AA313C /* JTL */;
			targetProxy = AEF0890C1DEDECA400AA313C /* PBXContainerItemProxy */;
		};
/* End PBXTargetDependency section */

/* Begin PBXVariantGroup section */
		AEF088F31DEDECA400AA313C /* Main.storyboard */ = {
			isa = PBXVariantGroup;
			children = (
				AEF088F41DEDECA400AA313C /* Base */,
			);
			name = Main.storyboard;
			sourceTree = "<group>";
		};
		AEF088F81DEDECA400AA313C /* LaunchScreen.storyboard */ = {
			isa = PBXVariantGroup;
			children = (
				AEF088F91DEDECA400AA313C /* Base */,
			);
			name = LaunchScreen.storyboard;
			sourceTree = "<group>";
		};
/* End PBXVariantGroup section */

/* Begin XCBuildConfiguration section */
		AEF089121DEDECA400AA313C /* Debug */ = {
			isa = XCBuildConfiguration;
			buildSettings = {
				ALWAYS_SEARCH_USER_PATHS = NO;
				CLANG_ANALYZER_NONNULL = YES;
				CLANG_CXX_LANGUAGE_STANDARD = "gnu++0x";
				CLANG_CXX_LIBRARY = "libc++";
				CLANG_ENABLE_MODULES = YES;
				CLANG_ENABLE_OBJC_ARC = YES;
				CLANG_WARN_BOOL_CONVERSION = YES;
				CLANG_WARN_CONSTANT_CONVERSION = YES;
				CLANG_WARN_DIRECT_OBJC_ISA_USAGE = YES_ERROR;
				CLANG_WARN_DOCUMENTATION_COMMENTS = YES;
				CLANG_WARN_EMPTY_BODY = YES;
				CLANG_WARN_ENUM_CONVERSION = YES;
				CLANG_WARN_INFINITE_RECURSION = YES;
				CLANG_WARN_INT_CONVERSION = YES;
				CLANG_WARN_OBJC_ROOT_CLASS = YES_ERROR;
				CLANG_WARN_SUSPICIOUS_MOVES = YES;
				CLANG_WARN_UNREACHABLE_CODE = YES;
				CLANG_WARN__DUPLICATE_METHOD_MATCH = YES;
				"CODE_SIGN_IDENTITY[sdk=iphoneos*]" = "iPhone Developer";
				COPY_PHASE_STRIP = NO;
				DEBUG_INFORMATION_FORMAT = dwarf;
				ENABLE_STRICT_OBJC_MSGSEND = YES;
				ENABLE_TESTABILITY = YES;
				GCC_C_LANGUAGE_STANDARD = gnu99;
				GCC_DYNAMIC_NO_PIC = NO;
				GCC_NO_COMMON_BLOCKS = YES;
				GCC_OPTIMIZATION_LEVEL = 0;
				GCC_PREPROCESSOR_DEFINITIONS = (
					"DEBUG=1",
					"$(inherited)",
				);
				GCC_WARN_64_TO_32_BIT_CONVERSION = YES;
				GCC_WARN_ABOUT_RETURN_TYPE = YES_ERROR;
				GCC_WARN_UNDECLARED_SELECTOR = YES;
				GCC_WARN_UNINITIALIZED_AUTOS = YES_AGGRESSIVE;
				GCC_WARN_UNUSED_FUNCTION = YES;
				GCC_WARN_UNUSED_VARIABLE = YES;
				IPHONEOS_DEPLOYMENT_TARGET = 10.1;
				MTL_ENABLE_DEBUG_INFO = YES;
				ONLY_ACTIVE_ARCH = YES;
				SDKROOT = iphoneos;
				SWIFT_ACTIVE_COMPILATION_CONDITIONS = DEBUG;
				SWIFT_OPTIMIZATION_LEVEL = "-Onone";
			};
			name = Debug;
		};
		AEF089131DEDECA400AA313C /* Release */ = {
			isa = XCBuildConfiguration;
			buildSettings = {
				ALWAYS_SEARCH_USER_PATHS = NO;
				CLANG_ANALYZER_NONNULL = YES;
				CLANG_CXX_LANGUAGE_STANDARD = "gnu++0x";
				CLANG_CXX_LIBRARY = "libc++";
				CLANG_ENABLE_MODULES = YES;
				CLANG_ENABLE_OBJC_ARC = YES;
				CLANG_WARN_BOOL_CONVERSION = YES;
				CLANG_WARN_CONSTANT_CONVERSION = YES;
				CLANG_WARN_DIRECT_OBJC_ISA_USAGE = YES_ERROR;
				CLANG_WARN_DOCUMENTATION_COMMENTS = YES;
				CLANG_WARN_EMPTY_BODY = YES;
				CLANG_WARN_ENUM_CONVERSION = YES;
				CLANG_WARN_INFINITE_RECURSION = YES;
				CLANG_WARN_INT_CONVERSION = YES;
				CLANG_WARN_OBJC_ROOT_CLASS = YES_ERROR;
				CLANG_WARN_SUSPICIOUS_MOVES = YES;
				CLANG_WARN_UNREACHABLE_CODE = YES;
				CLANG_WARN__DUPLICATE_METHOD_MATCH = YES;
				"CODE_SIGN_IDENTITY[sdk=iphoneos*]" = "iPhone Developer";
				COPY_PHASE_STRIP = NO;
				DEBUG_INFORMATION_FORMAT = "dwarf-with-dsym";
				ENABLE_NS_ASSERTIONS = NO;
				ENABLE_STRICT_OBJC_MSGSEND = YES;
				GCC_C_LANGUAGE_STANDARD = gnu99;
				GCC_NO_COMMON_BLOCKS = YES;
				GCC_WARN_64_TO_32_BIT_CONVERSION = YES;
				GCC_WARN_ABOUT_RETURN_TYPE = YES_ERROR;
				GCC_WARN_UNDECLARED_SELECTOR = YES;
				GCC_WARN_UNINITIALIZED_AUTOS = YES_AGGRESSIVE;
				GCC_WARN_UNUSED_FUNCTION = YES;
				GCC_WARN_UNUSED_VARIABLE = YES;
				IPHONEOS_DEPLOYMENT_TARGET = 10.1;
				MTL_ENABLE_DEBUG_INFO = NO;
				SDKROOT = iphoneos;
				SWIFT_OPTIMIZATION_LEVEL = "-Owholemodule";
				VALIDATE_PRODUCT = YES;
			};
			name = Release;
		};
		AEF089151DEDECA400AA313C /* Debug */ = {
			isa = XCBuildConfiguration;
			buildSettings = {
				ASSETCATALOG_COMPILER_APPICON_NAME = AppIcon;
				DEVELOPMENT_TEAM = MBLBPAM74V;
				INFOPLIST_FILE = JTL/Info.plist;
				LD_RUNPATH_SEARCH_PATHS = "$(inherited) @executable_path/Frameworks";
				PRODUCT_BUNDLE_IDENTIFIER = com.SSB.JTL;
				PRODUCT_NAME = "$(TARGET_NAME)";
				SWIFT_VERSION = 3.0;
			};
			name = Debug;
		};
		AEF089161DEDECA400AA313C /* Release */ = {
			isa = XCBuildConfiguration;
			buildSettings = {
				ASSETCATALOG_COMPILER_APPICON_NAME = AppIcon;
				DEVELOPMENT_TEAM = MBLBPAM74V;
				INFOPLIST_FILE = JTL/Info.plist;
				LD_RUNPATH_SEARCH_PATHS = "$(inherited) @executable_path/Frameworks";
				PRODUCT_BUNDLE_IDENTIFIER = com.SSB.JTL;
				PRODUCT_NAME = "$(TARGET_NAME)";
				SWIFT_VERSION = 3.0;
			};
			name = Release;
		};
		AEF089181DEDECA400AA313C /* Debug */ = {
			isa = XCBuildConfiguration;
			buildSettings = {
				ALWAYS_EMBED_SWIFT_STANDARD_LIBRARIES = YES;
				BUNDLE_LOADER = "$(TEST_HOST)";
				DEVELOPMENT_TEAM = MBLBPAM74V;
				INFOPLIST_FILE = JTLTests/Info.plist;
				LD_RUNPATH_SEARCH_PATHS = "$(inherited) @executable_path/Frameworks @loader_path/Frameworks";
				PRODUCT_BUNDLE_IDENTIFIER = com.SSB.JTLTests;
				PRODUCT_NAME = "$(TARGET_NAME)";
				SWIFT_VERSION = 3.0;
				TEST_HOST = "$(BUILT_PRODUCTS_DIR)/JTL.app/JTL";
			};
			name = Debug;
		};
		AEF089191DEDECA400AA313C /* Release */ = {
			isa = XCBuildConfiguration;
			buildSettings = {
				ALWAYS_EMBED_SWIFT_STANDARD_LIBRARIES = YES;
				BUNDLE_LOADER = "$(TEST_HOST)";
				DEVELOPMENT_TEAM = MBLBPAM74V;
				INFOPLIST_FILE = JTLTests/Info.plist;
				LD_RUNPATH_SEARCH_PATHS = "$(inherited) @executable_path/Frameworks @loader_path/Frameworks";
				PRODUCT_BUNDLE_IDENTIFIER = com.SSB.JTLTests;
				PRODUCT_NAME = "$(TARGET_NAME)";
				SWIFT_VERSION = 3.0;
				TEST_HOST = "$(BUILT_PRODUCTS_DIR)/JTL.app/JTL";
			};
			name = Release;
		};
		AEF0891B1DEDECA400AA313C /* Debug */ = {
			isa = XCBuildConfiguration;
			buildSettings = {
				ALWAYS_EMBED_SWIFT_STANDARD_LIBRARIES = YES;
				DEVELOPMENT_TEAM = MBLBPAM74V;
				INFOPLIST_FILE = JTLUITests/Info.plist;
				LD_RUNPATH_SEARCH_PATHS = "$(inherited) @executable_path/Frameworks @loader_path/Frameworks";
				PRODUCT_BUNDLE_IDENTIFIER = com.SSB.JTLUITests;
				PRODUCT_NAME = "$(TARGET_NAME)";
				SWIFT_VERSION = 3.0;
				TEST_TARGET_NAME = JTL;
			};
			name = Debug;
		};
		AEF0891C1DEDECA400AA313C /* Release */ = {
			isa = XCBuildConfiguration;
			buildSettings = {
				ALWAYS_EMBED_SWIFT_STANDARD_LIBRARIES = YES;
				DEVELOPMENT_TEAM = MBLBPAM74V;
				INFOPLIST_FILE = JTLUITests/Info.plist;
				LD_RUNPATH_SEARCH_PATHS = "$(inherited) @executable_path/Frameworks @loader_path/Frameworks";
				PRODUCT_BUNDLE_IDENTIFIER = com.SSB.JTLUITests;
				PRODUCT_NAME = "$(TARGET_NAME)";
				SWIFT_VERSION = 3.0;
				TEST_TARGET_NAME = JTL;
			};
			name = Release;
		};
/* End XCBuildConfiguration section */

/* Begin XCConfigurationList section */
		AEF088E71DEDECA400AA313C /* Build configuration list for PBXProject "JTL" */ = {
			isa = XCConfigurationList;
			buildConfigurations = (
				AEF089121DEDECA400AA313C /* Debug */,
				AEF089131DEDECA400AA313C /* Release */,
			);
			defaultConfigurationIsVisible = 0;
			defaultConfigurationName = Release;
		};
		AEF089141DEDECA400AA313C /* Build configuration list for PBXNativeTarget "JTL" */ = {
			isa = XCConfigurationList;
			buildConfigurations = (
				AEF089151DEDECA400AA313C /* Debug */,
				AEF089161DEDECA400AA313C /* Release */,
			);
			defaultConfigurationIsVisible = 0;
			defaultConfigurationName = Release;
		};
		AEF089171DEDECA400AA313C /* Build configuration list for PBXNativeTarget "JTLTests" */ = {
			isa = XCConfigurationList;
			buildConfigurations = (
				AEF089181DEDECA400AA313C /* Debug */,
				AEF089191DEDECA400AA313C /* Release */,
			);
			defaultConfigurationIsVisible = 0;
			defaultConfigurationName = Release;
		};
		AEF0891A1DEDECA400AA313C /* Build configuration list for PBXNativeTarget "JTLUITests" */ = {
			isa = XCConfigurationList;
			buildConfigurations = (
				AEF0891B1DEDECA400AA313C /* Debug */,
				AEF0891C1DEDECA400AA313C /* Release */,
			);
			defaultConfigurationIsVisible = 0;
			defaultConfigurationName = Release;
		};
/* End XCConfigurationList section */
	};
	rootObject = AEF088E41DEDECA400AA313C /* Project object */;
}
